
Microsoft Visual Studio Solution File, Format Version 12.00
# Visual Studio Version 16
VisualStudioVersion = 16.0.31205.134
MinimumVisualStudioVersion = 10.0.40219.1
Project("{888888A0-9F3D-457C-B088-3A5042F75D52}") = "CodePython", "CodePython\CodePython.pyproj", "{50BF56E7-2440-434A-B0F4-BB04E27C2C9F}"
EndProject
Global
	GlobalSection(SolutionConfigurationPlatforms) = preSolution
		Debug|Any CPU = Debug|Any CPU
		Release|Any CPU = Release|Any CPU
	EndGlobalSection
	GlobalSection(ProjectConfigurationPlatforms) = postSolution
		{50BF56E7-2440-434A-B0F4-BB04E27C2C9F}.Debug|Any CPU.ActiveCfg = Debug|Any CPU
		{50BF56E7-2440-434A-B0F4-BB04E27C2C9F}.Release|Any CPU.ActiveCfg = Release|Any CPU
	EndGlobalSection
	GlobalSection(SolutionProperties) = preSolution
		HideSolutionNode = FALSE
	EndGlobalSection
	GlobalSection(ExtensibilityGlobals) = postSolution
		SolutionGuid = {5C94484B-207C-48E2-AA98-28E6C4A1B12D}
	EndGlobalSection
EndGlobal
